
Microsoft Visual Studio Solution File, Format Version 12.00
# Visual Studio Version 17
VisualStudioVersion = 17.6.33829.357
MinimumVisualStudioVersion = 10.0.40219.1
Project("{FAE04EC0-301F-11D3-BF4B-00C04F79EFBC}") = "parcial1", "parcial1.csproj", "{74E8D1C6-FBDC-4313-97F4-3ADD20D7E80E}"
EndProject
Global
	GlobalSection(SolutionConfigurationPlatforms) = preSolution
		Debug|Any CPU = Debug|Any CPU
		Release|Any CPU = Release|Any CPU
	EndGlobalSection
	GlobalSection(ProjectConfigurationPlatforms) = postSolution
		{74E8D1C6-FBDC-4313-97F4-3ADD20D7E80E}.Debug|Any CPU.ActiveCfg = Debug|Any CPU
		{74E8D1C6-FBDC-4313-97F4-3ADD20D7E80E}.Debug|Any CPU.Build.0 = Debug|Any CPU
		{74E8D1C6-FBDC-4313-97F4-3ADD20D7E80E}.Release|Any CPU.ActiveCfg = Release|Any CPU
		{74E8D1C6-FBDC-4313-97F4-3ADD20D7E80E}.Release|Any CPU.Build.0 = Release|Any CPU
	EndGlobalSection
	GlobalSection(SolutionProperties) = preSolution
		HideSolutionNode = FALSE
	EndGlobalSection
	GlobalSection(ExtensibilityGlobals) = postSolution
		SolutionGuid = {242C1A0D-66CD-45E1-A616-7B9A888F9FBE}
	EndGlobalSection
EndGlobal
